
Microsoft Visual Studio Solution File, Format Version 12.00
# Visual Studio Version 16
VisualStudioVersion = 16.0.31129.286
MinimumVisualStudioVersion = 10.0.40219.1
Project("{9A19103F-16F7-4668-BE54-9A1E7A4F7556}") = "WPFRushtellSite", "ApiRushtellSite\WPFRushtellSite.csproj", "{6BD1A6B4-3507-495A-AE2C-A6180B3F69FD}"
EndProject
Project("{FAE04EC0-301F-11D3-BF4B-00C04F79EFBC}") = "ApiRushtellLibrary", "ApiRushtellLibrary\ApiRushtellLibrary.csproj", "{B16C792A-B6A2-4290-9623-3F8A5D16F604}"
EndProject
Global
	GlobalSection(SolutionConfigurationPlatforms) = preSolution
		Debug|Any CPU = Debug|Any CPU
		Release|Any CPU = Release|Any CPU
	EndGlobalSection
	GlobalSection(ProjectConfigurationPlatforms) = postSolution
		{6BD1A6B4-3507-495A-AE2C-A6180B3F69FD}.Debug|Any CPU.ActiveCfg = Debug|Any CPU
		{6BD1A6B4-3507-495A-AE2C-A6180B3F69FD}.Debug|Any CPU.Build.0 = Debug|Any CPU
		{6BD1A6B4-3507-495A-AE2C-A6180B3F69FD}.Release|Any CPU.ActiveCfg = Release|Any CPU
		{6BD1A6B4-3507-495A-AE2C-A6180B3F69FD}.Release|Any CPU.Build.0 = Release|Any CPU
		{B16C792A-B6A2-4290-9623-3F8A5D16F604}.Debug|Any CPU.ActiveCfg = Debug|Any CPU
		{B16C792A-B6A2-4290-9623-3F8A5D16F604}.Debug|Any CPU.Build.0 = Debug|Any CPU
		{B16C792A-B6A2-4290-9623-3F8A5D16F604}.Release|Any CPU.ActiveCfg = Release|Any CPU
		{B16C792A-B6A2-4290-9623-3F8A5D16F604}.Release|Any CPU.Build.0 = Release|Any CPU
	EndGlobalSection
	GlobalSection(SolutionProperties) = preSolution
		HideSolutionNode = FALSE
	EndGlobalSection
	GlobalSection(ExtensibilityGlobals) = postSolution
		SolutionGuid = {F28CFF25-D297-4F04-A14E-9FC8B40809AF}
	EndGlobalSection
EndGlobal
